
Microsoft Visual Studio Solution File, Format Version 12.00
Project("{FAE04EC0-301F-11D3-BF4B-00C04F79EFBC}") = "ConsoleProducer", "ConsoleProducer\ConsoleProducer.csproj", "{D49ABB88-230A-43E7-B38E-B1C8F3A06AE7}"
EndProject
Project("{FAE04EC0-301F-11D3-BF4B-00C04F79EFBC}") = "ConsoleConsumer_01", "ConsoleConsumer_01\ConsoleConsumer_01.csproj", "{9487541B-A6DB-4FCF-923D-ED8A7107C090}"
EndProject
Project("{FAE04EC0-301F-11D3-BF4B-00C04F79EFBC}") = "ConsoleConsumer_02", "ConsoleConsumer_02\ConsoleConsumer_02.csproj", "{C2459ABD-E954-473D-8A17-D68065AA2071}"
EndProject
Global
	GlobalSection(SolutionConfigurationPlatforms) = preSolution
		Debug|Any CPU = Debug|Any CPU
		Release|Any CPU = Release|Any CPU
	EndGlobalSection
	GlobalSection(ProjectConfigurationPlatforms) = postSolution
		{D49ABB88-230A-43E7-B38E-B1C8F3A06AE7}.Debug|Any CPU.ActiveCfg = Debug|Any CPU
		{D49ABB88-230A-43E7-B38E-B1C8F3A06AE7}.Debug|Any CPU.Build.0 = Debug|Any CPU
		{D49ABB88-230A-43E7-B38E-B1C8F3A06AE7}.Release|Any CPU.ActiveCfg = Release|Any CPU
		{D49ABB88-230A-43E7-B38E-B1C8F3A06AE7}.Release|Any CPU.Build.0 = Release|Any CPU
		{9487541B-A6DB-4FCF-923D-ED8A7107C090}.Debug|Any CPU.ActiveCfg = Debug|Any CPU
		{9487541B-A6DB-4FCF-923D-ED8A7107C090}.Debug|Any CPU.Build.0 = Debug|Any CPU
		{9487541B-A6DB-4FCF-923D-ED8A7107C090}.Release|Any CPU.ActiveCfg = Release|Any CPU
		{9487541B-A6DB-4FCF-923D-ED8A7107C090}.Release|Any CPU.Build.0 = Release|Any CPU
		{C2459ABD-E954-473D-8A17-D68065AA2071}.Debug|Any CPU.ActiveCfg = Debug|Any CPU
		{C2459ABD-E954-473D-8A17-D68065AA2071}.Debug|Any CPU.Build.0 = Debug|Any CPU
		{C2459ABD-E954-473D-8A17-D68065AA2071}.Release|Any CPU.ActiveCfg = Release|Any CPU
		{C2459ABD-E954-473D-8A17-D68065AA2071}.Release|Any CPU.Build.0 = Release|Any CPU
	EndGlobalSection
EndGlobal
